// !$*UTF8*$!
{
	archiveVersion = 1;
	classes = {
	};
	objectVersion = 46;
	objects = {

/* Begin PBXBuildFile section */
		87113F4F1E874FE600501B77 /* AppDelegate.swift in Sources */ = {isa = PBXBuildFile; fileRef = 87113F4E1E874FE600501B77 /* AppDelegate.swift */; };
		87113F511E874FE600501B77 /* FirstViewController.swift in Sources */ = {isa = PBXBuildFile; fileRef = 87113F501E874FE600501B77 /* FirstViewController.swift */; };
		87113F531E874FE600501B77 /* SecondViewController.swift in Sources */ = {isa = PBXBuildFile; fileRef = 87113F521E874FE600501B77 /* SecondViewController.swift */; };
		87113F561E874FE600501B77 /* Main.storyboard in Resources */ = {isa = PBXBuildFile; fileRef = 87113F541E874FE600501B77 /* Main.storyboard */; };
		87113F581E874FE600501B77 /* Assets.xcassets in Resources */ = {isa = PBXBuildFile; fileRef = 87113F571E874FE600501B77 /* Assets.xcassets */; };
		87113F5B1E874FE600501B77 /* LaunchScreen.storyboard in Resources */ = {isa = PBXBuildFile; fileRef = 87113F591E874FE600501B77 /* LaunchScreen.storyboard */; };
		87CE23401E8756250023EAD9 /* GoogleService-Info.plist in Resources */ = {isa = PBXBuildFile; fileRef = 87CE233F1E8756250023EAD9 /* GoogleService-Info.plist */; };
		87CE23421E8778F00023EAD9 /* LogInViewController.swift in Sources */ = {isa = PBXBuildFile; fileRef = 87CE23411E8778F00023EAD9 /* LogInViewController.swift */; };
		E26ADBB48A42AD7BD1886F86 /* Pods_hshacks3_iOS.framework in Frameworks */ = {isa = PBXBuildFile; fileRef = 094A1B055EBE20DCB9AED697 /* Pods_hshacks3_iOS.framework */; };
/* End PBXBuildFile section */

/* Begin PBXFileReference section */
		094A1B055EBE20DCB9AED697 /* Pods_hshacks3_iOS.framework */ = {isa = PBXFileReference; explicitFileType = wrapper.framework; includeInIndex = 0; path = Pods_hshacks3_iOS.framework; sourceTree = BUILT_PRODUCTS_DIR; };
		1FA052F95F836059D3CA5305 /* Pods-hshacks3-iOS.release.xcconfig */ = {isa = PBXFileReference; includeInIndex = 1; lastKnownFileType = text.xcconfig; name = "Pods-hshacks3-iOS.release.xcconfig"; path = "Pods/Target Support Files/Pods-hshacks3-iOS/Pods-hshacks3-iOS.release.xcconfig"; sourceTree = "<group>"; };
		32CDFB5A492751270C0EFDEF /* Pods-hshacks3-iOS.debug.xcconfig */ = {isa = PBXFileReference; includeInIndex = 1; lastKnownFileType = text.xcconfig; name = "Pods-hshacks3-iOS.debug.xcconfig"; path = "Pods/Target Support Files/Pods-hshacks3-iOS/Pods-hshacks3-iOS.debug.xcconfig"; sourceTree = "<group>"; };
		87113F4B1E874FE600501B77 /* hshacks3-iOS.app */ = {isa = PBXFileReference; explicitFileType = wrapper.application; includeInIndex = 0; path = "hshacks3-iOS.app"; sourceTree = BUILT_PRODUCTS_DIR; };
		87113F4E1E874FE600501B77 /* AppDelegate.swift */ = {isa = PBXFileReference; lastKnownFileType = sourcecode.swift; path = AppDelegate.swift; sourceTree = "<group>"; };
		87113F501E874FE600501B77 /* FirstViewController.swift */ = {isa = PBXFileReference; lastKnownFileType = sourcecode.swift; path = FirstViewController.swift; sourceTree = "<group>"; };
		87113F521E874FE600501B77 /* SecondViewController.swift */ = {isa = PBXFileReference; lastKnownFileType = sourcecode.swift; path = SecondViewController.swift; sourceTree = "<group>"; };
		87113F551E874FE600501B77 /* Base */ = {isa = PBXFileReference; lastKnownFileType = file.storyboard; name = Base; path = Base.lproj/Main.storyboard; sourceTree = "<group>"; };
		87113F571E874FE600501B77 /* Assets.xcassets */ = {isa = PBXFileReference; lastKnownFileType = folder.assetcatalog; path = Assets.xcassets; sourceTree = "<group>"; };
		87113F5A1E874FE600501B77 /* Base */ = {isa = PBXFileReference; lastKnownFileType = file.storyboard; name = Base; path = Base.lproj/LaunchScreen.storyboard; sourceTree = "<group>"; };
		87113F5C1E874FE600501B77 /* Info.plist */ = {isa = PBXFileReference; lastKnownFileType = text.plist.xml; path = Info.plist; sourceTree = "<group>"; };
		87CE233F1E8756250023EAD9 /* GoogleService-Info.plist */ = {isa = PBXFileReference; fileEncoding = 4; lastKnownFileType = text.plist.xml; path = "GoogleService-Info.plist"; sourceTree = "<group>"; };
		87CE23411E8778F00023EAD9 /* LogInViewController.swift */ = {isa = PBXFileReference; fileEncoding = 4; lastKnownFileType = sourcecode.swift; path = LogInViewController.swift; sourceTree = "<group>"; };
/* End PBXFileReference section */

/* Begin PBXFrameworksBuildPhase section */
		87113F481E874FE600501B77 /* Frameworks */ = {
			isa = PBXFrameworksBuildPhase;
			buildActionMask = 2147483647;
			files = (
				E26ADBB48A42AD7BD1886F86 /* Pods_hshacks3_iOS.framework in Frameworks */,
			);
			runOnlyForDeploymentPostprocessing = 0;
		};
/* End PBXFrameworksBuildPhase section */

/* Begin PBXGroup section */
		0B5204D243508C45D2DBCDFE /* Frameworks */ = {
			isa = PBXGroup;
			children = (
				094A1B055EBE20DCB9AED697 /* Pods_hshacks3_iOS.framework */,
			);
			name = Frameworks;
			sourceTree = "<group>";
		};
		87113F421E874FE600501B77 = {
			isa = PBXGroup;
			children = (
				87113F4D1E874FE600501B77 /* hshacks3-iOS */,
				87113F4C1E874FE600501B77 /* Products */,
				BD65AA4E29E0DD82A296EA0B /* Pods */,
				0B5204D243508C45D2DBCDFE /* Frameworks */,
			);
			sourceTree = "<group>";
		};
		87113F4C1E874FE600501B77 /* Products */ = {
			isa = PBXGroup;
			children = (
				87113F4B1E874FE600501B77 /* hshacks3-iOS.app */,
			);
			name = Products;
			sourceTree = "<group>";
		};
		87113F4D1E874FE600501B77 /* hshacks3-iOS */ = {
			isa = PBXGroup;
			children = (
				87113F4E1E874FE600501B77 /* AppDelegate.swift */,
				87CE23411E8778F00023EAD9 /* LogInViewController.swift */,
				87113F501E874FE600501B77 /* FirstViewController.swift */,
				87113F521E874FE600501B77 /* SecondViewController.swift */,
				87113F541E874FE600501B77 /* Main.storyboard */,
				87113F571E874FE600501B77 /* Assets.xcassets */,
				87113F591E874FE600501B77 /* LaunchScreen.storyboard */,
				87113F5C1E874FE600501B77 /* Info.plist */,
				87CE233F1E8756250023EAD9 /* GoogleService-Info.plist */,
			);
			path = "hshacks3-iOS";
			sourceTree = "<group>";
		};
		BD65AA4E29E0DD82A296EA0B /* Pods */ = {
			isa = PBXGroup;
			children = (
				32CDFB5A492751270C0EFDEF /* Pods-hshacks3-iOS.debug.xcconfig */,
				1FA052F95F836059D3CA5305 /* Pods-hshacks3-iOS.release.xcconfig */,
			);
			name = Pods;
			sourceTree = "<group>";
		};
/* End PBXGroup section */

/* Begin PBXNativeTarget section */
		87113F4A1E874FE600501B77 /* hshacks3-iOS */ = {
			isa = PBXNativeTarget;
			buildConfigurationList = 87113F5F1E874FE600501B77 /* Build configuration list for PBXNativeTarget "hshacks3-iOS" */;
			buildPhases = (
				71A0B44EDD70279C5CFACF22 /* [CP] Check Pods Manifest.lock */,
				87113F471E874FE600501B77 /* Sources */,
				87113F481E874FE600501B77 /* Frameworks */,
				87113F491E874FE600501B77 /* Resources */,
				85B2DED925BB32A37A8F05DA /* [CP] Embed Pods Frameworks */,
				72621CB371838925864271A7 /* [CP] Copy Pods Resources */,
			);
			buildRules = (
			);
			dependencies = (
			);
			name = "hshacks3-iOS";
			productName = "hshacks3-iOS";
			productReference = 87113F4B1E874FE600501B77 /* hshacks3-iOS.app */;
			productType = "com.apple.product-type.application";
		};
/* End PBXNativeTarget section */

/* Begin PBXProject section */
		87113F431E874FE600501B77 /* Project object */ = {
			isa = PBXProject;
			attributes = {
				LastSwiftUpdateCheck = 0820;
				LastUpgradeCheck = 0820;
				ORGANIZATIONNAME = "Aubhro Sengupta";
				TargetAttributes = {
					87113F4A1E874FE600501B77 = {
						CreatedOnToolsVersion = 8.2.1;
						DevelopmentTeam = SPT6NYU373;
						ProvisioningStyle = Automatic;
					};
				};
			};
			buildConfigurationList = 87113F461E874FE600501B77 /* Build configuration list for PBXProject "hshacks3-iOS" */;
			compatibilityVersion = "Xcode 3.2";
			developmentRegion = English;
			hasScannedForEncodings = 0;
			knownRegions = (
				en,
				Base,
			);
			mainGroup = 87113F421E874FE600501B77;
			productRefGroup = 87113F4C1E874FE600501B77 /* Products */;
			projectDirPath = "";
			projectRoot = "";
			targets = (
				87113F4A1E874FE600501B77 /* hshacks3-iOS */,
			);
		};
/* End PBXProject section */

/* Begin PBXResourcesBuildPhase section */
		87113F491E874FE600501B77 /* Resources */ = {
			isa = PBXResourcesBuildPhase;
			buildActionMask = 2147483647;
			files = (
				87113F5B1E874FE600501B77 /* LaunchScreen.storyboard in Resources */,
				87CE23401E8756250023EAD9 /* GoogleService-Info.plist in Resources */,
				87113F581E874FE600501B77 /* Assets.xcassets in Resources */,
				87113F561E874FE600501B77 /* Main.storyboard in Resources */,
			);
			runOnlyForDeploymentPostprocessing = 0;
		};
/* End PBXResourcesBuildPhase section */

/* Begin PBXShellScriptBuildPhase section */
		71A0B44EDD70279C5CFACF22 /* [CP] Check Pods Manifest.lock */ = {
			isa = PBXShellScriptBuildPhase;
			buildActionMask = 2147483647;
			files = (
			);
			inputPaths = (
			);
			name = "[CP] Check Pods Manifest.lock";
			outputPaths = (
			);
			runOnlyForDeploymentPostprocessing = 0;
			shellPath = /bin/sh;
			shellScript = "diff \"${PODS_ROOT}/../Podfile.lock\" \"${PODS_ROOT}/Manifest.lock\" > /dev/null\nif [ $? != 0 ] ; then\n    # print error to STDERR\n    echo \"error: The sandbox is not in sync with the Podfile.lock. Run 'pod install' or update your CocoaPods installation.\" >&2\n    exit 1\nfi\n";
			showEnvVarsInLog = 0;
		};
		72621CB371838925864271A7 /* [CP] Copy Pods Resources */ = {
			isa = PBXShellScriptBuildPhase;
			buildActionMask = 2147483647;
			files = (
			);
			inputPaths = (
			);
			name = "[CP] Copy Pods Resources";
			outputPaths = (
			);
			runOnlyForDeploymentPostprocessing = 0;
			shellPath = /bin/sh;
			shellScript = "\"${SRCROOT}/Pods/Target Support Files/Pods-hshacks3-iOS/Pods-hshacks3-iOS-resources.sh\"\n";
			showEnvVarsInLog = 0;
		};
		85B2DED925BB32A37A8F05DA /* [CP] Embed Pods Frameworks */ = {
			isa = PBXShellScriptBuildPhase;
			buildActionMask = 2147483647;
			files = (
			);
			inputPaths = (
			);
			name = "[CP] Embed Pods Frameworks";
			outputPaths = (
			);
			runOnlyForDeploymentPostprocessing = 0;
			shellPath = /bin/sh;
			shellScript = "\"${SRCROOT}/Pods/Target Support Files/Pods-hshacks3-iOS/Pods-hshacks3-iOS-frameworks.sh\"\n";
			showEnvVarsInLog = 0;
		};
/* End PBXShellScriptBuildPhase section */

/* Begin PBXSourcesBuildPhase section */
		87113F471E874FE600501B77 /* Sources */ = {
			isa = PBXSourcesBuildPhase;
			buildActionMask = 2147483647;
			files = (
				87CE23421E8778F00023EAD9 /* LogInViewController.swift in Sources */,
				87113F531E874FE600501B77 /* SecondViewController.swift in Sources */,
				87113F4F1E874FE600501B77 /* AppDelegate.swift in Sources */,
				87113F511E874FE600501B77 /* FirstViewController.swift in Sources */,
			);
			runOnlyForDeploymentPostprocessing = 0;
		};
/* End PBXSourcesBuildPhase section */

/* Begin PBXVariantGroup section */
		87113F541E874FE600501B77 /* Main.storyboard */ = {
			isa = PBXVariantGroup;
			children = (
				87113F551E874FE600501B77 /* Base */,
			);
			name = Main.storyboard;
			sourceTree = "<group>";
		};
		87113F591E874FE600501B77 /* LaunchScreen.storyboard */ = {
			isa = PBXVariantGroup;
			children = (
				87113F5A1E874FE600501B77 /* Base */,
			);
			name = LaunchScreen.storyboard;
			sourceTree = "<group>";
		};
/* End PBXVariantGroup section */

/* Begin XCBuildConfiguration section */
		87113F5D1E874FE600501B77 /* Debug */ = {
			isa = XCBuildConfiguration;
			buildSettings = {
				ALWAYS_SEARCH_USER_PATHS = NO;
				CLANG_ANALYZER_NONNULL = YES;
				CLANG_CXX_LANGUAGE_STANDARD = "gnu++0x";
				CLANG_CXX_LIBRARY = "libc++";
				CLANG_ENABLE_MODULES = YES;
				CLANG_ENABLE_OBJC_ARC = YES;
				CLANG_WARN_BOOL_CONVERSION = YES;
				CLANG_WARN_CONSTANT_CONVERSION = YES;
				CLANG_WARN_DIRECT_OBJC_ISA_USAGE = YES_ERROR;
				CLANG_WARN_DOCUMENTATION_COMMENTS = YES;
				CLANG_WARN_EMPTY_BODY = YES;
				CLANG_WARN_ENUM_CONVERSION = YES;
				CLANG_WARN_INFINITE_RECURSION = YES;
				CLANG_WARN_INT_CONVERSION = YES;
				CLANG_WARN_OBJC_ROOT_CLASS = YES_ERROR;
				CLANG_WARN_SUSPICIOUS_MOVE = YES;
				CLANG_WARN_UNREACHABLE_CODE = YES;
				CLANG_WARN__DUPLICATE_METHOD_MATCH = YES;
				"CODE_SIGN_IDENTITY[sdk=iphoneos*]" = "iPhone Developer";
				COPY_PHASE_STRIP = NO;
				DEBUG_INFORMATION_FORMAT = dwarf;
				ENABLE_STRICT_OBJC_MSGSEND = YES;
				ENABLE_TESTABILITY = YES;
				GCC_C_LANGUAGE_STANDARD = gnu99;
				GCC_DYNAMIC_NO_PIC = NO;
				GCC_NO_COMMON_BLOCKS = YES;
				GCC_OPTIMIZATION_LEVEL = 0;
				GCC_PREPROCESSOR_DEFINITIONS = (
					"DEBUG=1",
					"$(inherited)",
				);
				GCC_WARN_64_TO_32_BIT_CONVERSION = YES;
				GCC_WARN_ABOUT_RETURN_TYPE = YES_ERROR;
				GCC_WARN_UNDECLARED_SELECTOR = YES;
				GCC_WARN_UNINITIALIZED_AUTOS = YES_AGGRESSIVE;
				GCC_WARN_UNUSED_FUNCTION = YES;
				GCC_WARN_UNUSED_VARIABLE = YES;
				IPHONEOS_DEPLOYMENT_TARGET = 10.2;
				MTL_ENABLE_DEBUG_INFO = YES;
				ONLY_ACTIVE_ARCH = YES;
				SDKROOT = iphoneos;
				SWIFT_ACTIVE_COMPILATION_CONDITIONS = DEBUG;
				SWIFT_OPTIMIZATION_LEVEL = "-Onone";
			};
			name = Debug;
		};
		87113F5E1E874FE600501B77 /* Release */ = {
			isa = XCBuildConfiguration;
			buildSettings = {
				ALWAYS_SEARCH_USER_PATHS = NO;
				CLANG_ANALYZER_NONNULL = YES;
				CLANG_CXX_LANGUAGE_STANDARD = "gnu++0x";
				CLANG_CXX_LIBRARY = "libc++";
				CLANG_ENABLE_MODULES = YES;
				CLANG_ENABLE_OBJC_ARC = YES;
				CLANG_WARN_BOOL_CONVERSION = YES;
				CLANG_WARN_CONSTANT_CONVERSION = YES;
				CLANG_WARN_DIRECT_OBJC_ISA_USAGE = YES_ERROR;
				CLANG_WARN_DOCUMENTATION_COMMENTS = YES;
				CLANG_WARN_EMPTY_BODY = YES;
				CLANG_WARN_ENUM_CONVERSION = YES;
				CLANG_WARN_INFINITE_RECURSION = YES;
				CLANG_WARN_INT_CONVERSION = YES;
				CLANG_WARN_OBJC_ROOT_CLASS = YES_ERROR;
				CLANG_WARN_SUSPICIOUS_MOVE = YES;
				CLANG_WARN_UNREACHABLE_CODE = YES;
				CLANG_WARN__DUPLICATE_METHOD_MATCH = YES;
				"CODE_SIGN_IDENTITY[sdk=iphoneos*]" = "iPhone Developer";
				COPY_PHASE_STRIP = NO;
				DEBUG_INFORMATION_FORMAT = "dwarf-with-dsym";
				ENABLE_NS_ASSERTIONS = NO;
				ENABLE_STRICT_OBJC_MSGSEND = YES;
				GCC_C_LANGUAGE_STANDARD = gnu99;
				GCC_NO_COMMON_BLOCKS = YES;
				GCC_WARN_64_TO_32_BIT_CONVERSION = YES;
				GCC_WARN_ABOUT_RETURN_TYPE = YES_ERROR;
				GCC_WARN_UNDECLARED_SELECTOR = YES;
				GCC_WARN_UNINITIALIZED_AUTOS = YES_AGGRESSIVE;
				GCC_WARN_UNUSED_FUNCTION = YES;
				GCC_WARN_UNUSED_VARIABLE = YES;
				IPHONEOS_DEPLOYMENT_TARGET = 10.2;
				MTL_ENABLE_DEBUG_INFO = NO;
				SDKROOT = iphoneos;
				SWIFT_OPTIMIZATION_LEVEL = "-Owholemodule";
				VALIDATE_PRODUCT = YES;
			};
			name = Release;
		};
		87113F601E874FE600501B77 /* Debug */ = {
			isa = XCBuildConfiguration;
			baseConfigurationReference = 32CDFB5A492751270C0EFDEF /* Pods-hshacks3-iOS.debug.xcconfig */;
			buildSettings = {
				ASSETCATALOG_COMPILER_APPICON_NAME = AppIcon;
				DEVELOPMENT_TEAM = SPT6NYU373;
				INFOPLIST_FILE = "hshacks3-iOS/Info.plist";
				IPHONEOS_DEPLOYMENT_TARGET = 9.0;
				LD_RUNPATH_SEARCH_PATHS = "$(inherited) @executable_path/Frameworks";
				PRODUCT_BUNDLE_IDENTIFIER = "deep.hshacks3-iOS";
				PRODUCT_NAME = "$(TARGET_NAME)";
				SWIFT_VERSION = 3.0;
			};
			name = Debug;
		};
		87113F611E874FE600501B77 /* Release */ = {
			isa = XCBuildConfiguration;
			baseConfigurationReference = 1FA052F95F836059D3CA5305 /* Pods-hshacks3-iOS.release.xcconfig */;
			buildSettings = {
				ASSETCATALOG_COMPILER_APPICON_NAME = AppIcon;
				DEVELOPMENT_TEAM = SPT6NYU373;
				INFOPLIST_FILE = "hshacks3-iOS/Info.plist";
				IPHONEOS_DEPLOYMENT_TARGET = 9.0;
				LD_RUNPATH_SEARCH_PATHS = "$(inherited) @executable_path/Frameworks";
				PRODUCT_BUNDLE_IDENTIFIER = "deep.hshacks3-iOS";
				PRODUCT_NAME = "$(TARGET_NAME)";
				SWIFT_VERSION = 3.0;
			};
			name = Release;
		};
/* End XCBuildConfiguration section */

/* Begin XCConfigurationList section */
		87113F461E874FE600501B77 /* Build configuration list for PBXProject "hshacks3-iOS" */ = {
			isa = XCConfigurationList;
			buildConfigurations = (
				87113F5D1E874FE600501B77 /* Debug */,
				87113F5E1E874FE600501B77 /* Release */,
			);
			defaultConfigurationIsVisible = 0;
			defaultConfigurationName = Release;
		};
		87113F5F1E874FE600501B77 /* Build configuration list for PBXNativeTarget "hshacks3-iOS" */ = {
			isa = XCConfigurationList;
			buildConfigurations = (
				87113F601E874FE600501B77 /* Debug */,
				87113F611E874FE600501B77 /* Release */,
			);
			defaultConfigurationIsVisible = 0;
			defaultConfigurationName = Release;
		};
/* End XCConfigurationList section */
	};
	rootObject = 87113F431E874FE600501B77 /* Project object */;
}
